{
  "object": {
    "pins": [
      {
        "package": "GSPlayer",
        "repositoryURL": "https://github.com/wxxsw/GSPlayer.git",
        "state": {
          "branch": null,
          "revision": "5904551cf33e0c38831fdc56c6a2c9770eadc30d",
          "version": "0.2.25"
        }
      },
      {
        "package": "Kingfisher",
        "repositoryURL": "https://github.com/onevcat/Kingfisher.git",
        "state": {
          "branch": null,
          "revision": "44e891bdb61426a95e31492a67c7c0dfad1f87c5",
          "version": "7.4.1"
        }
      },
      {
        "package": "SwiftUIEKtensions",
        "repositoryURL": "https://github.com/EnesKaraosman/SwiftUIEKtensions.git",
        "state": {
          "branch": null,
          "revision": "cafd7ad82796528b392107874f07a7279dec7fcd",
          "version": "0.1.8"
        }
      },
      {
        "package": "VideoPlayer",
        "repositoryURL": "https://github.com/wxxsw/VideoPlayer.git",
        "state": {
          "branch": null,
          "revision": "3c5b9531ee20e34d3a86142ca2c076a5b99afdb2",
          "version": "1.2.3"
        }
      },
      {
        "package": "WrappingHStack",
        "repositoryURL": "https://github.com/dkk/WrappingHStack.git",
        "state": {
          "branch": null,
          "revision": "44987fbb01112e6ec72098dc6481187dd53ad4d2",
          "version": "2.2.9"
        }
      }
    ]
  },
  "version": 1
}
