// !$*UTF8*$!
{
	archiveVersion = 1;
	classes = {
	};
	objectVersion = 54;
	objects = {

/* Begin PBXBuildFile section */
		F464E9DC27E2452A00B396F0 /* SwiftyChat in Frameworks */ = {isa = PBXBuildFile; productRef = F464E9DB27E2452A00B396F0 /* SwiftyChat */; };
		F4D3ECCB253FFAE100226E0C /* BasicExampleView.swift in Sources */ = {isa = PBXBuildFile; fileRef = F4D3ECC8253FFAE100226E0C /* BasicExampleView.swift */; };
		F4D3ECCC253FFAE100226E0C /* ChatListView.swift in Sources */ = {isa = PBXBuildFile; fileRef = F4D3ECC9253FFAE100226E0C /* ChatListView.swift */; };
		F4D3ECCD253FFAE100226E0C /* Extensions.swift in Sources */ = {isa = PBXBuildFile; fileRef = F4D3ECCA253FFAE100226E0C /* Extensions.swift */; };
		F4D55CC6253F262F00DA8FF0 /* AppDelegate.swift in Sources */ = {isa = PBXBuildFile; fileRef = F4D55CC5253F262F00DA8FF0 /* AppDelegate.swift */; };
		F4D55CC8253F262F00DA8FF0 /* SceneDelegate.swift in Sources */ = {isa = PBXBuildFile; fileRef = F4D55CC7253F262F00DA8FF0 /* SceneDelegate.swift */; };
		F4D55CCA253F262F00DA8FF0 /* AdvancedExampleView.swift in Sources */ = {isa = PBXBuildFile; fileRef = F4D55CC9253F262F00DA8FF0 /* AdvancedExampleView.swift */; };
		F4D55CCC253F263000DA8FF0 /* Assets.xcassets in Resources */ = {isa = PBXBuildFile; fileRef = F4D55CCB253F263000DA8FF0 /* Assets.xcassets */; };
		F4D55CCF253F263000DA8FF0 /* Preview Assets.xcassets in Resources */ = {isa = PBXBuildFile; fileRef = F4D55CCE253F263000DA8FF0 /* Preview Assets.xcassets */; };
		F4D55CD2253F263000DA8FF0 /* LaunchScreen.storyboard in Resources */ = {isa = PBXBuildFile; fileRef = F4D55CD0253F263000DA8FF0 /* LaunchScreen.storyboard */; };
/* End PBXBuildFile section */

/* Begin PBXFileReference section */
		F464E9D927E2440000B396F0 /* SwiftyChat */ = {isa = PBXFileReference; lastKnownFileType = wrapper; name = SwiftyChat; path = ..; sourceTree = "<group>"; };
		F4D3ECC8253FFAE100226E0C /* BasicExampleView.swift */ = {isa = PBXFileReference; fileEncoding = 4; lastKnownFileType = sourcecode.swift; path = BasicExampleView.swift; sourceTree = "<group>"; };
		F4D3ECC9253FFAE100226E0C /* ChatListView.swift */ = {isa = PBXFileReference; fileEncoding = 4; lastKnownFileType = sourcecode.swift; path = ChatListView.swift; sourceTree = "<group>"; };
		F4D3ECCA253FFAE100226E0C /* Extensions.swift */ = {isa = PBXFileReference; fileEncoding = 4; lastKnownFileType = sourcecode.swift; path = Extensions.swift; sourceTree = "<group>"; };
		F4D55CC2253F262F00DA8FF0 /* SwiftyChatExample.app */ = {isa = PBXFileReference; explicitFileType = wrapper.application; includeInIndex = 0; path = SwiftyChatExample.app; sourceTree = BUILT_PRODUCTS_DIR; };
		F4D55CC5253F262F00DA8FF0 /* AppDelegate.swift */ = {isa = PBXFileReference; lastKnownFileType = sourcecode.swift; path = AppDelegate.swift; sourceTree = "<group>"; };
		F4D55CC7253F262F00DA8FF0 /* SceneDelegate.swift */ = {isa = PBXFileReference; lastKnownFileType = sourcecode.swift; path = SceneDelegate.swift; sourceTree = "<group>"; };
		F4D55CC9253F262F00DA8FF0 /* AdvancedExampleView.swift */ = {isa = PBXFileReference; lastKnownFileType = sourcecode.swift; path = AdvancedExampleView.swift; sourceTree = "<group>"; };
		F4D55CCB253F263000DA8FF0 /* Assets.xcassets */ = {isa = PBXFileReference; lastKnownFileType = folder.assetcatalog; path = Assets.xcassets; sourceTree = "<group>"; };
		F4D55CCE253F263000DA8FF0 /* Preview Assets.xcassets */ = {isa = PBXFileReference; lastKnownFileType = folder.assetcatalog; path = "Preview Assets.xcassets"; sourceTree = "<group>"; };
		F4D55CD1253F263000DA8FF0 /* Base */ = {isa = PBXFileReference; lastKnownFileType = file.storyboard; name = Base; path = Base.lproj/LaunchScreen.storyboard; sourceTree = "<group>"; };
		F4D55CD3253F263000DA8FF0 /* Info.plist */ = {isa = PBXFileReference; lastKnownFileType = text.plist.xml; path = Info.plist; sourceTree = "<group>"; };
/* End PBXFileReference section */

/* Begin PBXFrameworksBuildPhase section */
		F4D55CBF253F262F00DA8FF0 /* Frameworks */ = {
			isa = PBXFrameworksBuildPhase;
			buildActionMask = 2147483647;
			files = (
				F464E9DC27E2452A00B396F0 /* SwiftyChat in Frameworks */,
			);
			runOnlyForDeploymentPostprocessing = 0;
		};
/* End PBXFrameworksBuildPhase section */

/* Begin PBXGroup section */
		F464E9DA27E2452A00B396F0 /* Frameworks */ = {
			isa = PBXGroup;
			children = (
			);
			name = Frameworks;
			sourceTree = "<group>";
		};
		F4D55CB9253F262F00DA8FF0 = {
			isa = PBXGroup;
			children = (
				F464E9D927E2440000B396F0 /* SwiftyChat */,
				F4D55CC4253F262F00DA8FF0 /* SwiftyChatExample */,
				F4D55CC3253F262F00DA8FF0 /* Products */,
				F464E9DA27E2452A00B396F0 /* Frameworks */,
			);
			sourceTree = "<group>";
		};
		F4D55CC3253F262F00DA8FF0 /* Products */ = {
			isa = PBXGroup;
			children = (
				F4D55CC2253F262F00DA8FF0 /* SwiftyChatExample.app */,
			);
			name = Products;
			sourceTree = "<group>";
		};
		F4D55CC4253F262F00DA8FF0 /* SwiftyChatExample */ = {
			isa = PBXGroup;
			children = (
				F4D55CC9253F262F00DA8FF0 /* AdvancedExampleView.swift */,
				F4D3ECC8253FFAE100226E0C /* BasicExampleView.swift */,
				F4D3ECC9253FFAE100226E0C /* ChatListView.swift */,
				F4D3ECCA253FFAE100226E0C /* Extensions.swift */,
				F4D55CC5253F262F00DA8FF0 /* AppDelegate.swift */,
				F4D55CC7253F262F00DA8FF0 /* SceneDelegate.swift */,
				F4D55CCB253F263000DA8FF0 /* Assets.xcassets */,
				F4D55CD0253F263000DA8FF0 /* LaunchScreen.storyboard */,
				F4D55CD3253F263000DA8FF0 /* Info.plist */,
				F4D55CCD253F263000DA8FF0 /* Preview Content */,
			);
			path = SwiftyChatExample;
			sourceTree = "<group>";
		};
		F4D55CCD253F263000DA8FF0 /* Preview Content */ = {
			isa = PBXGroup;
			children = (
				F4D55CCE253F263000DA8FF0 /* Preview Assets.xcassets */,
			);
			path = "Preview Content";
			sourceTree = "<group>";
		};
/* End PBXGroup section */

/* Begin PBXNativeTarget section */
		F4D55CC1253F262F00DA8FF0 /* SwiftyChatExample */ = {
			isa = PBXNativeTarget;
			buildConfigurationList = F4D55CD6253F263000DA8FF0 /* Build configuration list for PBXNativeTarget "SwiftyChatExample" */;
			buildPhases = (
				F4D55CBE253F262F00DA8FF0 /* Sources */,
				F4D55CBF253F262F00DA8FF0 /* Frameworks */,
				F4D55CC0253F262F00DA8FF0 /* Resources */,
			);
			buildRules = (
			);
			dependencies = (
			);
			name = SwiftyChatExample;
			packageProductDependencies = (
				F464E9DB27E2452A00B396F0 /* SwiftyChat */,
			);
			productName = SwiftyChatExample;
			productReference = F4D55CC2253F262F00DA8FF0 /* SwiftyChatExample.app */;
			productType = "com.apple.product-type.application";
		};
/* End PBXNativeTarget section */

/* Begin PBXProject section */
		F4D55CBA253F262F00DA8FF0 /* Project object */ = {
			isa = PBXProject;
			attributes = {
				BuildIndependentTargetsInParallel = YES;
				LastSwiftUpdateCheck = 1200;
				LastUpgradeCheck = 1520;
				TargetAttributes = {
					F4D55CC1253F262F00DA8FF0 = {
						CreatedOnToolsVersion = 12.0.1;
					};
				};
			};
			buildConfigurationList = F4D55CBD253F262F00DA8FF0 /* Build configuration list for PBXProject "SwiftyChatExample" */;
			compatibilityVersion = "Xcode 9.3";
			developmentRegion = en;
			hasScannedForEncodings = 0;
			knownRegions = (
				en,
				Base,
			);
			mainGroup = F4D55CB9253F262F00DA8FF0;
			packageReferences = (
			);
			productRefGroup = F4D55CC3253F262F00DA8FF0 /* Products */;
			projectDirPath = "";
			projectRoot = "";
			targets = (
				F4D55CC1253F262F00DA8FF0 /* SwiftyChatExample */,
			);
		};
/* End PBXProject section */

/* Begin PBXResourcesBuildPhase section */
		F4D55CC0253F262F00DA8FF0 /* Resources */ = {
			isa = PBXResourcesBuildPhase;
			buildActionMask = 2147483647;
			files = (
				F4D55CD2253F263000DA8FF0 /* LaunchScreen.storyboard in Resources */,
				F4D55CCF253F263000DA8FF0 /* Preview Assets.xcassets in Resources */,
				F4D55CCC253F263000DA8FF0 /* Assets.xcassets in Resources */,
			);
			runOnlyForDeploymentPostprocessing = 0;
		};
/* End PBXResourcesBuildPhase section */

/* Begin PBXSourcesBuildPhase section */
		F4D55CBE253F262F00DA8FF0 /* Sources */ = {
			isa = PBXSourcesBuildPhase;
			buildActionMask = 2147483647;
			files = (
				F4D55CC6253F262F00DA8FF0 /* AppDelegate.swift in Sources */,
				F4D3ECCD253FFAE100226E0C /* Extensions.swift in Sources */,
				F4D3ECCC253FFAE100226E0C /* ChatListView.swift in Sources */,
				F4D55CC8253F262F00DA8FF0 /* SceneDelegate.swift in Sources */,
				F4D3ECCB253FFAE100226E0C /* BasicExampleView.swift in Sources */,
				F4D55CCA253F262F00DA8FF0 /* AdvancedExampleView.swift in Sources */,
			);
			runOnlyForDeploymentPostprocessing = 0;
		};
/* End PBXSourcesBuildPhase section */

/* Begin PBXVariantGroup section */
		F4D55CD0253F263000DA8FF0 /* LaunchScreen.storyboard */ = {
			isa = PBXVariantGroup;
			children = (
				F4D55CD1253F263000DA8FF0 /* Base */,
			);
			name = LaunchScreen.storyboard;
			sourceTree = "<group>";
		};
/* End PBXVariantGroup section */

/* Begin XCBuildConfiguration section */
		F4D55CD4253F263000DA8FF0 /* Debug */ = {
			isa = XCBuildConfiguration;
			buildSettings = {
				ALWAYS_SEARCH_USER_PATHS = NO;
				CLANG_ANALYZER_NONNULL = YES;
				CLANG_ANALYZER_NUMBER_OBJECT_CONVERSION = YES_AGGRESSIVE;
				CLANG_CXX_LANGUAGE_STANDARD = "gnu++14";
				CLANG_CXX_LIBRARY = "libc++";
				CLANG_ENABLE_MODULES = YES;
				CLANG_ENABLE_OBJC_ARC = YES;
				CLANG_ENABLE_OBJC_WEAK = YES;
				CLANG_WARN_BLOCK_CAPTURE_AUTORELEASING = YES;
				CLANG_WARN_BOOL_CONVERSION = YES;
				CLANG_WARN_COMMA = YES;
				CLANG_WARN_CONSTANT_CONVERSION = YES;
				CLANG_WARN_DEPRECATED_OBJC_IMPLEMENTATIONS = YES;
				CLANG_WARN_DIRECT_OBJC_ISA_USAGE = YES_ERROR;
				CLANG_WARN_DOCUMENTATION_COMMENTS = YES;
				CLANG_WARN_EMPTY_BODY = YES;
				CLANG_WARN_ENUM_CONVERSION = YES;
				CLANG_WARN_INFINITE_RECURSION = YES;
				CLANG_WARN_INT_CONVERSION = YES;
				CLANG_WARN_NON_LITERAL_NULL_CONVERSION = YES;
				CLANG_WARN_OBJC_IMPLICIT_RETAIN_SELF = YES;
				CLANG_WARN_OBJC_LITERAL_CONVERSION = YES;
				CLANG_WARN_OBJC_ROOT_CLASS = YES_ERROR;
				CLANG_WARN_QUOTED_INCLUDE_IN_FRAMEWORK_HEADER = YES;
				CLANG_WARN_RANGE_LOOP_ANALYSIS = YES;
				CLANG_WARN_STRICT_PROTOTYPES = YES;
				CLANG_WARN_SUSPICIOUS_MOVE = YES;
				CLANG_WARN_UNGUARDED_AVAILABILITY = YES_AGGRESSIVE;
				CLANG_WARN_UNREACHABLE_CODE = YES;
				CLANG_WARN__DUPLICATE_METHOD_MATCH = YES;
				COPY_PHASE_STRIP = NO;
				DEBUG_INFORMATION_FORMAT = dwarf;
				ENABLE_STRICT_OBJC_MSGSEND = YES;
				ENABLE_TESTABILITY = YES;
				ENABLE_USER_SCRIPT_SANDBOXING = YES;
				GCC_C_LANGUAGE_STANDARD = gnu11;
				GCC_DYNAMIC_NO_PIC = NO;
				GCC_NO_COMMON_BLOCKS = YES;
				GCC_OPTIMIZATION_LEVEL = 0;
				GCC_PREPROCESSOR_DEFINITIONS = (
					"DEBUG=1",
					"$(inherited)",
				);
				GCC_WARN_64_TO_32_BIT_CONVERSION = YES;
				GCC_WARN_ABOUT_RETURN_TYPE = YES_ERROR;
				GCC_WARN_UNDECLARED_SELECTOR = YES;
				GCC_WARN_UNINITIALIZED_AUTOS = YES_AGGRESSIVE;
				GCC_WARN_UNUSED_FUNCTION = YES;
				GCC_WARN_UNUSED_VARIABLE = YES;
				IPHONEOS_DEPLOYMENT_TARGET = 15.0;
				MTL_ENABLE_DEBUG_INFO = INCLUDE_SOURCE;
				MTL_FAST_MATH = YES;
				ONLY_ACTIVE_ARCH = YES;
				SDKROOT = iphoneos;
				SWIFT_ACTIVE_COMPILATION_CONDITIONS = DEBUG;
				SWIFT_OPTIMIZATION_LEVEL = "-Onone";
			};
			name = Debug;
		};
		F4D55CD5253F263000DA8FF0 /* Release */ = {
			isa = XCBuildConfiguration;
			buildSettings = {
				ALWAYS_SEARCH_USER_PATHS = NO;
				CLANG_ANALYZER_NONNULL = YES;
				CLANG_ANALYZER_NUMBER_OBJECT_CONVERSION = YES_AGGRESSIVE;
				CLANG_CXX_LANGUAGE_STANDARD = "gnu++14";
				CLANG_CXX_LIBRARY = "libc++";
				CLANG_ENABLE_MODULES = YES;
				CLANG_ENABLE_OBJC_ARC = YES;
				CLANG_ENABLE_OBJC_WEAK = YES;
				CLANG_WARN_BLOCK_CAPTURE_AUTORELEASING = YES;
				CLANG_WARN_BOOL_CONVERSION = YES;
				CLANG_WARN_COMMA = YES;
				CLANG_WARN_CONSTANT_CONVERSION = YES;
				CLANG_WARN_DEPRECATED_OBJC_IMPLEMENTATIONS = YES;
				CLANG_WARN_DIRECT_OBJC_ISA_USAGE = YES_ERROR;
				CLANG_WARN_DOCUMENTATION_COMMENTS = YES;
				CLANG_WARN_EMPTY_BODY = YES;
				CLANG_WARN_ENUM_CONVERSION = YES;
				CLANG_WARN_INFINITE_RECURSION = YES;
				CLANG_WARN_INT_CONVERSION = YES;
				CLANG_WARN_NON_LITERAL_NULL_CONVERSION = YES;
				CLANG_WARN_OBJC_IMPLICIT_RETAIN_SELF = YES;
				CLANG_WARN_OBJC_LITERAL_CONVERSION = YES;
				CLANG_WARN_OBJC_ROOT_CLASS = YES_ERROR;
				CLANG_WARN_QUOTED_INCLUDE_IN_FRAMEWORK_HEADER = YES;
				CLANG_WARN_RANGE_LOOP_ANALYSIS = YES;
				CLANG_WARN_STRICT_PROTOTYPES = YES;
				CLANG_WARN_SUSPICIOUS_MOVE = YES;
				CLANG_WARN_UNGUARDED_AVAILABILITY = YES_AGGRESSIVE;
				CLANG_WARN_UNREACHABLE_CODE = YES;
				CLANG_WARN__DUPLICATE_METHOD_MATCH = YES;
				COPY_PHASE_STRIP = NO;
				DEBUG_INFORMATION_FORMAT = "dwarf-with-dsym";
				ENABLE_NS_ASSERTIONS = NO;
				ENABLE_STRICT_OBJC_MSGSEND = YES;
				ENABLE_USER_SCRIPT_SANDBOXING = YES;
				GCC_C_LANGUAGE_STANDARD = gnu11;
				GCC_NO_COMMON_BLOCKS = YES;
				GCC_WARN_64_TO_32_BIT_CONVERSION = YES;
				GCC_WARN_ABOUT_RETURN_TYPE = YES_ERROR;
				GCC_WARN_UNDECLARED_SELECTOR = YES;
				GCC_WARN_UNINITIALIZED_AUTOS = YES_AGGRESSIVE;
				GCC_WARN_UNUSED_FUNCTION = YES;
				GCC_WARN_UNUSED_VARIABLE = YES;
				IPHONEOS_DEPLOYMENT_TARGET = 15.0;
				MTL_ENABLE_DEBUG_INFO = NO;
				MTL_FAST_MATH = YES;
				SDKROOT = iphoneos;
				SWIFT_COMPILATION_MODE = wholemodule;
				SWIFT_OPTIMIZATION_LEVEL = "-O";
				VALIDATE_PRODUCT = YES;
			};
			name = Release;
		};
		F4D55CD7253F263000DA8FF0 /* Debug */ = {
			isa = XCBuildConfiguration;
			buildSettings = {
				ASSETCATALOG_COMPILER_APPICON_NAME = AppIcon;
				ASSETCATALOG_COMPILER_GLOBAL_ACCENT_COLOR_NAME = AccentColor;
				CODE_SIGN_STYLE = Automatic;
				DEVELOPMENT_ASSET_PATHS = "\"SwiftyChatExample/Preview Content\"";
				DEVELOPMENT_TEAM = L9DND36YTU;
				ENABLE_PREVIEWS = YES;
				INFOPLIST_FILE = SwiftyChatExample/Info.plist;
				IPHONEOS_DEPLOYMENT_TARGET = 15.0;
				LD_RUNPATH_SEARCH_PATHS = (
					"$(inherited)",
					"@executable_path/Frameworks",
				);
				PRODUCT_BUNDLE_IDENTIFIER = com.eneskaraosman.SwiftyChatExample;
				PRODUCT_NAME = "$(TARGET_NAME)";
				SWIFT_VERSION = 5.0;
				TARGETED_DEVICE_FAMILY = "1,2";
			};
			name = Debug;
		};
		F4D55CD8253F263000DA8FF0 /* Release */ = {
			isa = XCBuildConfiguration;
			buildSettings = {
				ASSETCATALOG_COMPILER_APPICON_NAME = AppIcon;
				ASSETCATALOG_COMPILER_GLOBAL_ACCENT_COLOR_NAME = AccentColor;
				CODE_SIGN_STYLE = Automatic;
				DEVELOPMENT_ASSET_PATHS = "\"SwiftyChatExample/Preview Content\"";
				DEVELOPMENT_TEAM = L9DND36YTU;
				ENABLE_PREVIEWS = YES;
				INFOPLIST_FILE = SwiftyChatExample/Info.plist;
				IPHONEOS_DEPLOYMENT_TARGET = 15.0;
				LD_RUNPATH_SEARCH_PATHS = (
					"$(inherited)",
					"@executable_path/Frameworks",
				);
				PRODUCT_BUNDLE_IDENTIFIER = com.eneskaraosman.SwiftyChatExample;
				PRODUCT_NAME = "$(TARGET_NAME)";
				SWIFT_VERSION = 5.0;
				TARGETED_DEVICE_FAMILY = "1,2";
			};
			name = Release;
		};
/* End XCBuildConfiguration section */

/* Begin XCConfigurationList section */
		F4D55CBD253F262F00DA8FF0 /* Build configuration list for PBXProject "SwiftyChatExample" */ = {
			isa = XCConfigurationList;
			buildConfigurations = (
				F4D55CD4253F263000DA8FF0 /* Debug */,
				F4D55CD5253F263000DA8FF0 /* Release */,
			);
			defaultConfigurationIsVisible = 0;
			defaultConfigurationName = Release;
		};
		F4D55CD6253F263000DA8FF0 /* Build configuration list for PBXNativeTarget "SwiftyChatExample" */ = {
			isa = XCConfigurationList;
			buildConfigurations = (
				F4D55CD7253F263000DA8FF0 /* Debug */,
				F4D55CD8253F263000DA8FF0 /* Release */,
			);
			defaultConfigurationIsVisible = 0;
			defaultConfigurationName = Release;
		};
/* End XCConfigurationList section */

/* Begin XCSwiftPackageProductDependency section */
		F464E9DB27E2452A00B396F0 /* SwiftyChat */ = {
			isa = XCSwiftPackageProductDependency;
			productName = SwiftyChat;
		};
/* End XCSwiftPackageProductDependency section */
	};
	rootObject = F4D55CBA253F262F00DA8FF0 /* Project object */;
}
