{
  "originHash" : "5b4b29c1d60c84b81b9ecde166ab224a4e4d4068063e21db2aae21b52f89aacd",
  "pins" : [
    {
      "identity" : "kingfisher",
      "kind" : "remoteSourceControl",
      "location" : "https://github.com/onevcat/Kingfisher.git",
      "state" : {
        "revision" : "be0d257b9bd47a4e6e1265fc8c237411825f107a",
        "version" : "8.12.0"
      }
    }
  ],
  "version" : 3
}
