{
  "object": {
    "pins": [
      {
        "package": "Kingfisher",
        "repositoryURL": "https://github.com/onevcat/Kingfisher.git",
        "state": {
          "branch": null,
          "revision": "1aa9889e5f7d9d92acda014eea9cdc7338d3d7d6",
          "version": "5.15.6"
        }
      },
      {
        "package": "SwiftyChat",
        "repositoryURL": "https://github.com/EnesKaraosman/SwiftyChat.git",
        "state": {
          "branch": null,
          "revision": "97b6d8c62c1f12e30919fcc253b982dd14f79dee",
          "version": "1.2.0"
        }
      }
    ]
  },
  "version": 1
}
