{
  "object": {
    "pins": [
      {
        "package": "GSPlayer",
        "repositoryURL": "https://github.com/wxxsw/GSPlayer.git",
        "state": {
          "branch": null,
          "revision": "aa6dad7943d52f5207f7fcc2ad3e4274583443b8",
          "version": "0.2.26"
        }
      },
      {
        "package": "Kingfisher",
        "repositoryURL": "https://github.com/onevcat/Kingfisher.git",
        "state": {
          "branch": null,
          "revision": "90135885ef506506620c4911cefb55a95ca2a9a2",
          "version": "7.5.0"
        }
      },
      {
        "package": "SwiftUIEKtensions",
        "repositoryURL": "https://github.com/EnesKaraosman/SwiftUIEKtensions.git",
        "state": {
          "branch": null,
          "revision": "21421df3266c99b83992face9e1523c8f1acb924",
          "version": "0.2.0"
        }
      },
      {
        "package": "VideoPlayer",
        "repositoryURL": "https://github.com/wxxsw/VideoPlayer.git",
        "state": {
          "branch": null,
          "revision": "3c5b9531ee20e34d3a86142ca2c076a5b99afdb2",
          "version": "1.2.3"
        }
      },
      {
        "package": "WrappingHStack",
        "repositoryURL": "https://github.com/dkk/WrappingHStack.git",
        "state": {
          "branch": null,
          "revision": "44987fbb01112e6ec72098dc6481187dd53ad4d2",
          "version": "2.2.9"
        }
      }
    ]
  },
  "version": 1
}
